<?xml version="1.0" encoding="utf-8"?>
<Project ToolsVersion="4.0" xmlns="http://schemas.microsoft.com/developer/msbuild/2003">
  <ItemGroup>
    <ClCompile Include="src\Main.cpp" />
    <ClCompile Include="src\PhysicsEngine\systems\JoltSystem.cpp" />
    <ClCompile Include="src\ResourceManager.cpp" />
    <ClCompile Include="src\GameEngine.cpp" />
    <ClCompile Include="src\PhysicsEngine\ShapeFactory.cpp" />
    <ClCompile Include="pch.cpp" />
    <ClCompile Include="src\Globals.cpp" />
    <ClCompile Include="src\systems\CameraSystem.cpp" />
    <ClCompile Include="src\systems\PhysicsSimulationSystem.cpp" />
  </ItemGroup>
  <ItemGroup>
    <ClInclude Include="include\CC.h" />
    <ClInclude Include="include\PhysicsEngine\layers\BroadPhaseLayerInterfaceImpl.h" />
    <ClInclude Include="include\PhysicsEngine\layers\BroadPhaseLayers.h" />
    <ClInclude Include="include\PhysicsEngine\layers\Layers.h" />
    <ClInclude Include="include\PhysicsEngine\layers\ObjectLayerPairFilterImpl.h" />
    <ClInclude Include="include\PhysicsEngine\layers\ObjectVsBroadPhaseLayerFilterImpl.h" />
    <ClInclude Include="include\PhysicsEngine\listeners\BodyActivationListenerLogger.h" />
    <ClInclude Include="include\PhysicsEngine\listeners\ContactListenerImpl.h" />
    <ClInclude Include="include\PhysicsEngine\systems\JoltSystem.h" />
    <ClInclude Include="include\PhysicsEngine\utils\Utils.h" />
    <ClInclude Include="include\entityComponentSystem\EntityManagerFactory.h" />
    <ClInclude Include="include\ResourceManager.h" />
    <ClInclude Include="include\GameEngine.h" />
    <ClInclude Include="include\entityComponentSystem\ComponentPool.h" />
    <ClInclude Include="include\entityComponentSystem\Entity.h" />
    <ClInclude Include="include\entityComponentSystem\EntityManager.h" />
    <ClInclude Include="include\entityComponentSystem\Components.h" />
    <ClInclude Include="include\entityComponentSystem\ComponentUtils.h" />
    <ClInclude Include="include\PhysicsEngine\ShapeFactory.h" />
    <ClInclude Include="pch.h" />
    <ClInclude Include="include\Globals.h" />
    <ClInclude Include="include\systems\CameraSystem.h" />
    <ClInclude Include="include\systems\System.h" />
    <ClInclude Include="include\systems\PhysicsSimulationSystem.h" />
  </ItemGroup>
  <ItemGroup>
    <None Include="shaders\MiniPhongPS.hlsl" />
    <None Include="shaders\MiniPhongVS.hlsl" />
  </ItemGroup>
</Project>