<?xml version="1.0" encoding="utf-8"?>
<Project ToolsVersion="4.0" xmlns="http://schemas.microsoft.com/developer/msbuild/2003">
  <ItemGroup>
    <ClCompile Include="src\Main.cpp" />
    <ClCompile Include="src\PhysicsEngine\listeners\ContactListenerImpl.cpp" />
    <ClCompile Include="src\PhysicsEngine\pch.cpp" />
    <ClCompile Include="src\PhysicsEngine\systems\JoltSystem.cpp" />
    <ClCompile Include="src\ResourceManager.cpp" />
    <ClCompile Include="src\PhysicsEngine\GameEngine.cpp" />
  </ItemGroup>
  <ItemGroup>
    <ClInclude Include="include\CC.h" />
    <ClInclude Include="include\PhysicsEngine\layers\BroadPhaseLayerInterfaceImpl.h" />
    <ClInclude Include="include\PhysicsEngine\layers\BroadPhaseLayers.h" />
    <ClInclude Include="include\PhysicsEngine\layers\Layers.h" />
    <ClInclude Include="include\PhysicsEngine\layers\ObjectLayerPairFilterImpl.h" />
    <ClInclude Include="include\PhysicsEngine\layers\ObjectVsBroadPhaseLayerFilterImpl.h" />
    <ClInclude Include="include\PhysicsEngine\listeners\BodyActivationListenerLogger.h" />
    <ClInclude Include="include\PhysicsEngine\listeners\ContactListenerImpl.h" />
    <ClInclude Include="include\PhysicsEngine\pch.h" />
    <ClInclude Include="include\PhysicsEngine\systems\JoltSystem.h" />
    <ClInclude Include="include\PhysicsEngine\utils\Utils.h" />
    <ClInclude Include="include\ecs\EntityManagerFactory.h" />
    <ClInclude Include="include\ResourceManager.h" />
    <ClInclude Include="include\GameEngine.h" />
    <ClInclude Include="include\ecs\ComponentPool.h" />
    <ClInclude Include="include\ecs\Entity.h" />
    <ClInclude Include="include\ecs\EntityManager.h" />
    <ClInclude Include="include\ecs\Components.h" />
    <ClInclude Include="include\ecs\ComponentUtils.h" />
  </ItemGroup>
  <ItemGroup>
    <None Include="shaders\MiniPhongPS.hlsl" />
    <None Include="shaders\MiniPhongVS.hlsl" />
  </ItemGroup>
</Project>