<?xml version="1.0" encoding="utf-8"?>
<Project ToolsVersion="4.0" xmlns="http://schemas.microsoft.com/developer/msbuild/2003">
  <ItemGroup>
    <ClCompile Include="pch.cpp" />
    <ClCompile Include="src\rendering\graphics\ShadowMap.cpp" />
    <ClCompile Include="src\rendering\application\WindowsApplication.cpp" />
    <ClCompile Include="src\rendering\BillboardRenderer.cpp" />
    <ClCompile Include="src\rendering\culling\FrustumCuller.cpp" />
    <ClCompile Include="src\rendering\device\BlendState.cpp" />
    <ClCompile Include="src\rendering\device\DepthBuffer.cpp" />
    <ClCompile Include="src\rendering\device\DepthState.cpp" />
    <ClCompile Include="src\rendering\device\DeviceBuilder.cpp" />
    <ClCompile Include="src\rendering\device\DistortionProcess.cpp" />
    <ClCompile Include="src\rendering\device\PostProcess.cpp" />
    <ClCompile Include="src\rendering\device\RenderContext.cpp" />
    <ClCompile Include="src\rendering\device\RenderTarget.cpp" />
    <ClCompile Include="src\rendering\device\Rasterizer.cpp" />
    <ClCompile Include="src\rendering\graphics\Billboard.cpp" />
    <ClCompile Include="src\rendering\graphics\Mesh.cpp" />
    <ClCompile Include="src\rendering\graphics\Sprite2D.cpp" />
    <ClCompile Include="src\rendering\Renderer.cpp" />
    <ClCompile Include="src\rendering\shaders\ShaderProgram.cpp" />
    <ClCompile Include="src\rendering\shaders\ShaderReflector.cpp" />
    <ClCompile Include="src\rendering\shaders\ShaderUtils.cpp" />
    <ClCompile Include="src\rendering\texture\TextureLoader.cpp" />
    <ClCompile Include="src\rendering\texture\TextureManager.cpp" />
    <ClCompile Include="src\rendering\utils\Clock.cpp" />
  </ItemGroup>
  <ItemGroup>
    <ClInclude Include="external\stb_image.h" />
    <ClInclude Include="include\rendering\application\WindowsApplication.h" />
    <ClInclude Include="include\rendering\BillboardRenderer.h" />
    <ClInclude Include="include\rendering\buffers\constantBuffers\BillboardBuffer.h" />
    <ClInclude Include="include\rendering\buffers\constantBuffers\FrameBuffer.h" />
    <ClInclude Include="include\rendering\buffers\constantBuffers\MaterialBuffer.h" />
    <ClInclude Include="include\rendering\buffers\constantBuffers\ObjectBuffer.h" />
    <ClInclude Include="include\rendering\buffers\constantBuffers\SpriteBuffer.h" />
    <ClInclude Include="include\rendering\core\SceneData.h" />
    <ClInclude Include="include\rendering\core\Transform.h" />
    <ClInclude Include="include\rendering\core\WindowData.h" />
    <ClInclude Include="include\rendering\culling\FrustumCuller.h" />
    <ClInclude Include="include\rendering\device\BlendState.h" />
    <ClInclude Include="include\rendering\device\DepthBuffer.h" />
    <ClInclude Include="include\rendering\device\DepthState.h" />
    <ClInclude Include="include\rendering\device\DeviceBuilder.h" />
    <ClInclude Include="include\rendering\device\DistortionProcess.h" />
    <ClInclude Include="include\rendering\graphics\Billboard.h" />
    <ClInclude Include="include\rendering\postProcessing\PostProcess.h" />
    <ClInclude Include="include\rendering\device\RenderContext.h" />
    <ClInclude Include="include\rendering\buffers\Buffer.h" />
    <ClInclude Include="include\rendering\buffers\constantBuffers\ConstantBuffer.h" />
    <ClInclude Include="include\rendering\buffers\IndexBuffer.h" />
    <ClInclude Include="include\rendering\buffers\VertexBuffer.h" />
    <ClInclude Include="include\rendering\device\Rasterizer.h" />
    <ClInclude Include="include\rendering\device\RenderTarget.h" />
    <ClInclude Include="include\rendering\graphics\camera\BaseCamera.h" />
    <ClInclude Include="include\rendering\graphics\lights\DirectionalLight.h" />
    <ClInclude Include="include\rendering\graphics\lights\PointLight.h" />
    <ClInclude Include="include\rendering\graphics\Sprite2D.h" />
    <ClInclude Include="include\rendering\graphics\SpriteElement.h" />
    <ClInclude Include="include\rendering\graphics\VertexSprite.h" />
    <ClInclude Include="include\rendering\postProcessing\PostProcessSettings.h" />
    <ClInclude Include="include\rendering\Renderer.h" />
    <ClInclude Include="include\rendering\shaders\Shader.h" />
    <ClInclude Include="include\rendering\shaders\ShaderBank.h" />
    <ClInclude Include="include\rendering\shaders\ShaderDesc.h" />
    <ClInclude Include="include\rendering\shaders\ShaderFactory.h" />
    <ClInclude Include="include\rendering\shaders\ShaderProgram.h" />
    <ClInclude Include="include\rendering\shaders\ShaderProgramDesc.h" />
    <ClInclude Include="include\rendering\shaders\ShaderReflector.h" />
    <ClInclude Include="include\rendering\shaders\ShaderUtils.h" />
    <ClInclude Include="include\rendering\graphics\Material.h" />
    <ClInclude Include="include\rendering\graphics\Mesh.h" />
    <ClInclude Include="include\rendering\graphics\Vertex.h" />
    <ClInclude Include="include\rendering\texture\Texture.h" />
    <ClInclude Include="include\rendering\texture\TextureLoader.h" />
    <ClInclude Include="include\rendering\texture\TextureManager.h" />
    <ClInclude Include="include\rendering\utils\ComPtr.h" />
    <ClInclude Include="include\rendering\utils\Clock.h" />
    <ClInclude Include="include\rendering\utils\DDSTextureLoader.h" />
    <ClInclude Include="include\rendering\utils\Util.h" />
    <ClInclude Include="include\rendering\utils\VerboseAssertion.h" />
    <ClInclude Include="pch.h" />
    <ClInclude Include="resources\resource.h" />
    <ClInclude Include="include\rendering\graphics\ShadowMap.h" />
  </ItemGroup>
  <ItemGroup>
    <ResourceCompile Include="resources\Resource.rc" />
  </ItemGroup>
</Project>